{
  "nodes": {
    "darwin": {
      "inputs": {
        "nixpkgs": [
          "nixpkgs-darwin"
        ]
      },
      "locked": {
        "lastModified": 1722609272,
        "narHash": "sha256-Kkb+ULEHVmk07AX+OhwyofFxBDpw+2WvsXguUS2m6e4=",
        "owner": "lnl7",
        "repo": "nix-darwin",
        "rev": "f7142b8024d6b70c66fd646e1d099d3aa5bfec49",
        "type": "github"
      },
      "original": {
        "owner": "lnl7",
        "repo": "nix-darwin",
        "type": "github"
      }
    },
    "disko": {
      "inputs": {
        "nixpkgs": [
          "nixpkgs"
        ]
      },
      "locked": {
        "lastModified": 1722821805,
        "narHash": "sha256-FGrUPUD+LMDwJsYyNSxNIzFMldtCm8wXiQuyL2PHSrM=",
        "owner": "nix-community",
        "repo": "disko",
        "rev": "0257e44f4ad472b54f19a6dd1615aee7fa48ed49",
        "type": "github"
      },
      "original": {
        "owner": "nix-community",
        "repo": "disko",
        "type": "github"
      }
    },
    "home-manager": {
      "inputs": {
        "nixpkgs": [
          "nixpkgs"
        ]
      },
      "locked": {
        "lastModified": 1722630065,
        "narHash": "sha256-QfM/9BMRkCmgWzrPDK+KbgJOUlSJnfX4OvsUupEUZvA=",
        "owner": "nix-community",
        "repo": "home-manager",
        "rev": "afc892db74d65042031a093adb6010c4c3378422",
        "type": "github"
      },
      "original": {
        "owner": "nix-community",
        "repo": "home-manager",
        "type": "github"
      }
    },
    "nixos-hardware": {
      "locked": {
        "lastModified": 1722332872,
        "narHash": "sha256-2xLM4sc5QBfi0U/AANJAW21Bj4ZX479MHPMPkB+eKBU=",
        "owner": "NixOS",
        "repo": "nixos-hardware",
        "rev": "14c333162ba53c02853add87a0000cbd7aa230c2",
        "type": "github"
      },
      "original": {
        "owner": "NixOS",
        "ref": "master",
        "repo": "nixos-hardware",
        "type": "github"
      }
    },
    "nixpkgs": {
      "locked": {
        "lastModified": 1722630782,
        "narHash": "sha256-hMyG9/WlUi0Ho9VkRrrez7SeNlDzLxalm9FwY7n/Noo=",
        "owner": "NixOS",
        "repo": "nixpkgs",
        "rev": "d04953086551086b44b6f3c6b7eeb26294f207da",
        "type": "github"
      },
      "original": {
        "id": "nixpkgs",
        "ref": "nixos-unstable",
        "type": "indirect"
      }
    },
    "nixpkgs-darwin": {
      "locked": {
        "lastModified": 1722821716,
        "narHash": "sha256-VZMyGaYBuuQ+PCF4iRNeqJ/lbowOMQnnVF2Vg0tR3Dk=",
        "owner": "nixos",
        "repo": "nixpkgs",
        "rev": "0ab9c4c1e0cab782fcde00ec2b32436abfd2a6d4",
        "type": "github"
      },
      "original": {
        "owner": "nixos",
        "ref": "nixpkgs-24.05-darwin",
        "repo": "nixpkgs",
        "type": "github"
      }
    },
    "nixpkgs-stable": {
      "locked": {
        "lastModified": 1721524707,
        "narHash": "sha256-5NctRsoE54N86nWd0psae70YSLfrOek3Kv1e8KoXe/0=",
        "owner": "NixOS",
        "repo": "nixpkgs",
        "rev": "556533a23879fc7e5f98dd2e0b31a6911a213171",
        "type": "github"
      },
      "original": {
        "owner": "NixOS",
        "ref": "release-24.05",
        "repo": "nixpkgs",
        "type": "github"
      }
    },
    "nixpkgsPinned": {
      "locked": {
        "lastModified": 1717890594,
        "narHash": "sha256-xhIQ6ebwcQ/Ac457V1DF0WFGF/F/RAFV9qX5DoBnNTA=",
        "owner": "nixos",
        "repo": "nixpkgs",
        "rev": "2a823de13340bc1b981e98ff9b15a5b42eee3263",
        "type": "github"
      },
      "original": {
        "owner": "nixos",
        "repo": "nixpkgs",
        "rev": "2a823de13340bc1b981e98ff9b15a5b42eee3263",
        "type": "github"
      }
    },
    "nur": {
      "locked": {
        "lastModified": 1722894411,
        "narHash": "sha256-OUOJ/dglPQ/YAN/zYAdEzzhSUv84QF8px9JT4eQb4GA=",
        "owner": "nix-community",
        "repo": "NUR",
        "rev": "1261ebf63933d763c7eb2e3290782cf09d045fdb",
        "type": "github"
      },
      "original": {
        "owner": "nix-community",
        "repo": "NUR",
        "type": "github"
      }
    },
    "root": {
      "inputs": {
        "darwin": "darwin",
        "disko": "disko",
        "home-manager": "home-manager",
        "nixos-hardware": "nixos-hardware",
        "nixpkgs": "nixpkgs",
        "nixpkgs-darwin": "nixpkgs-darwin",
        "nixpkgsPinned": "nixpkgsPinned",
        "nur": "nur",
        "sops-nix": "sops-nix"
      }
    },
    "sops-nix": {
      "inputs": {
        "nixpkgs": [
          "nixpkgs"
        ],
        "nixpkgs-stable": "nixpkgs-stable"
      },
      "locked": {
        "lastModified": 1722897572,
        "narHash": "sha256-3m/iyyjCdRBF8xyehf59QlckIcmShyTesymSb+N4Ap4=",
        "owner": "Mic92",
        "repo": "sops-nix",
        "rev": "8ae477955dfd9cbf5fa4eb82a8db8ddbb94e79d9",
        "type": "github"
      },
      "original": {
        "owner": "Mic92",
        "repo": "sops-nix",
        "type": "github"
      }
    }
  },
  "root": "root",
  "version": 7
}
